// !$*UTF8*$!
{
	archiveVersion = 1;
	classes = {
	};
	objectVersion = 55;
	objects = {

/* Begin PBXBuildFile section */
		E21813562B4695A8001BB116 /* Employee.swift in Sources */ = {isa = PBXBuildFile; fileRef = E21813552B4695A8001BB116 /* Employee.swift */; };
		E2CF060B2B43F1C6007EB0B1 /* AppDelegate.swift in Sources */ = {isa = PBXBuildFile; fileRef = E2CF060A2B43F1C6007EB0B1 /* AppDelegate.swift */; };
		E2CF060D2B43F1C6007EB0B1 /* SceneDelegate.swift in Sources */ = {isa = PBXBuildFile; fileRef = E2CF060C2B43F1C6007EB0B1 /* SceneDelegate.swift */; };
		E2CF060F2B43F1C6007EB0B1 /* ViewController.swift in Sources */ = {isa = PBXBuildFile; fileRef = E2CF060E2B43F1C6007EB0B1 /* ViewController.swift */; };
		E2CF06122B43F1C6007EB0B1 /* Main.storyboard in Resources */ = {isa = PBXBuildFile; fileRef = E2CF06102B43F1C6007EB0B1 /* Main.storyboard */; };
		E2CF06142B43F1C7007EB0B1 /* Assets.xcassets in Resources */ = {isa = PBXBuildFile; fileRef = E2CF06132B43F1C7007EB0B1 /* Assets.xcassets */; };
		E2CF06172B43F1C7007EB0B1 /* LaunchScreen.storyboard in Resources */ = {isa = PBXBuildFile; fileRef = E2CF06152B43F1C7007EB0B1 /* LaunchScreen.storyboard */; };
		E2CF061F2B43F1EE007EB0B1 /* DBHelper.swift in Sources */ = {isa = PBXBuildFile; fileRef = E2CF061E2B43F1EE007EB0B1 /* DBHelper.swift */; };
/* End PBXBuildFile section */

/* Begin PBXFileReference section */
		E21813552B4695A8001BB116 /* Employee.swift */ = {isa = PBXFileReference; lastKnownFileType = sourcecode.swift; path = Employee.swift; sourceTree = "<group>"; };
		E2CF06072B43F1C6007EB0B1 /* SQliteDemoFrist.app */ = {isa = PBXFileReference; explicitFileType = wrapper.application; includeInIndex = 0; path = SQliteDemoFrist.app; sourceTree = BUILT_PRODUCTS_DIR; };
		E2CF060A2B43F1C6007EB0B1 /* AppDelegate.swift */ = {isa = PBXFileReference; lastKnownFileType = sourcecode.swift; path = AppDelegate.swift; sourceTree = "<group>"; };
		E2CF060C2B43F1C6007EB0B1 /* SceneDelegate.swift */ = {isa = PBXFileReference; lastKnownFileType = sourcecode.swift; path = SceneDelegate.swift; sourceTree = "<group>"; };
		E2CF060E2B43F1C6007EB0B1 /* ViewController.swift */ = {isa = PBXFileReference; lastKnownFileType = sourcecode.swift; path = ViewController.swift; sourceTree = "<group>"; };
		E2CF06112B43F1C6007EB0B1 /* Base */ = {isa = PBXFileReference; lastKnownFileType = file.storyboard; name = Base; path = Base.lproj/Main.storyboard; sourceTree = "<group>"; };
		E2CF06132B43F1C7007EB0B1 /* Assets.xcassets */ = {isa = PBXFileReference; lastKnownFileType = folder.assetcatalog; path = Assets.xcassets; sourceTree = "<group>"; };
		E2CF06162B43F1C7007EB0B1 /* Base */ = {isa = PBXFileReference; lastKnownFileType = file.storyboard; name = Base; path = Base.lproj/LaunchScreen.storyboard; sourceTree = "<group>"; };
		E2CF06182B43F1C7007EB0B1 /* Info.plist */ = {isa = PBXFileReference; lastKnownFileType = text.plist.xml; path = Info.plist; sourceTree = "<group>"; };
		E2CF061E2B43F1EE007EB0B1 /* DBHelper.swift */ = {isa = PBXFileReference; lastKnownFileType = sourcecode.swift; path = DBHelper.swift; sourceTree = "<group>"; };
/* End PBXFileReference section */

/* Begin PBXFrameworksBuildPhase section */
		E2CF06042B43F1C5007EB0B1 /* Frameworks */ = {
			isa = PBXFrameworksBuildPhase;
			buildActionMask = 2147483647;
			files = (
			);
			runOnlyForDeploymentPostprocessing = 0;
		};
/* End PBXFrameworksBuildPhase section */

/* Begin PBXGroup section */
		E2CF05FE2B43F1C5007EB0B1 = {
			isa = PBXGroup;
			children = (
				E2CF06092B43F1C6007EB0B1 /* SQliteDemoFrist */,
				E2CF06082B43F1C6007EB0B1 /* Products */,
			);
			sourceTree = "<group>";
		};
		E2CF06082B43F1C6007EB0B1 /* Products */ = {
			isa = PBXGroup;
			children = (
				E2CF06072B43F1C6007EB0B1 /* SQliteDemoFrist.app */,
			);
			name = Products;
			sourceTree = "<group>";
		};
		E2CF06092B43F1C6007EB0B1 /* SQliteDemoFrist */ = {
			isa = PBXGroup;
			children = (
				E2CF060A2B43F1C6007EB0B1 /* AppDelegate.swift */,
				E2CF060C2B43F1C6007EB0B1 /* SceneDelegate.swift */,
				E2CF060E2B43F1C6007EB0B1 /* ViewController.swift */,
				E2CF06102B43F1C6007EB0B1 /* Main.storyboard */,
				E2CF06132B43F1C7007EB0B1 /* Assets.xcassets */,
				E2CF06152B43F1C7007EB0B1 /* LaunchScreen.storyboard */,
				E2CF06182B43F1C7007EB0B1 /* Info.plist */,
				E2CF061E2B43F1EE007EB0B1 /* DBHelper.swift */,
				E21813552B4695A8001BB116 /* Employee.swift */,
			);
			path = SQliteDemoFrist;
			sourceTree = "<group>";
		};
/* End PBXGroup section */

/* Begin PBXNativeTarget section */
		E2CF06062B43F1C5007EB0B1 /* SQliteDemoFrist */ = {
			isa = PBXNativeTarget;
			buildConfigurationList = E2CF061B2B43F1C7007EB0B1 /* Build configuration list for PBXNativeTarget "SQliteDemoFrist" */;
			buildPhases = (
				E2CF06032B43F1C5007EB0B1 /* Sources */,
				E2CF06042B43F1C5007EB0B1 /* Frameworks */,
				E2CF06052B43F1C5007EB0B1 /* Resources */,
			);
			buildRules = (
			);
			dependencies = (
			);
			name = SQliteDemoFrist;
			productName = SQliteDemoFrist;
			productReference = E2CF06072B43F1C6007EB0B1 /* SQliteDemoFrist.app */;
			productType = "com.apple.product-type.application";
		};
/* End PBXNativeTarget section */

/* Begin PBXProject section */
		E2CF05FF2B43F1C5007EB0B1 /* Project object */ = {
			isa = PBXProject;
			attributes = {
				BuildIndependentTargetsInParallel = 1;
				LastSwiftUpdateCheck = 1340;
				LastUpgradeCheck = 1340;
				TargetAttributes = {
					E2CF06062B43F1C5007EB0B1 = {
						CreatedOnToolsVersion = 13.4.1;
					};
				};
			};
			buildConfigurationList = E2CF06022B43F1C5007EB0B1 /* Build configuration list for PBXProject "SQliteDemoFrist" */;
			compatibilityVersion = "Xcode 13.0";
			developmentRegion = en;
			hasScannedForEncodings = 0;
			knownRegions = (
				en,
				Base,
			);
			mainGroup = E2CF05FE2B43F1C5007EB0B1;
			productRefGroup = E2CF06082B43F1C6007EB0B1 /* Products */;
			projectDirPath = "";
			projectRoot = "";
			targets = (
				E2CF06062B43F1C5007EB0B1 /* SQliteDemoFrist */,
			);
		};
/* End PBXProject section */

/* Begin PBXResourcesBuildPhase section */
		E2CF06052B43F1C5007EB0B1 /* Resources */ = {
			isa = PBXResourcesBuildPhase;
			buildActionMask = 2147483647;
			files = (
				E2CF06172B43F1C7007EB0B1 /* LaunchScreen.storyboard in Resources */,
				E2CF06142B43F1C7007EB0B1 /* Assets.xcassets in Resources */,
				E2CF06122B43F1C6007EB0B1 /* Main.storyboard in Resources */,
			);
			runOnlyForDeploymentPostprocessing = 0;
		};
/* End PBXResourcesBuildPhase section */

/* Begin PBXSourcesBuildPhase section */
		E2CF06032B43F1C5007EB0B1 /* Sources */ = {
			isa = PBXSourcesBuildPhase;
			buildActionMask = 2147483647;
			files = (
				E2CF060F2B43F1C6007EB0B1 /* ViewController.swift in Sources */,
				E2CF060B2B43F1C6007EB0B1 /* AppDelegate.swift in Sources */,
				E2CF060D2B43F1C6007EB0B1 /* SceneDelegate.swift in Sources */,
				E21813562B4695A8001BB116 /* Employee.swift in Sources */,
				E2CF061F2B43F1EE007EB0B1 /* DBHelper.swift in Sources */,
			);
			runOnlyForDeploymentPostprocessing = 0;
		};
/* End PBXSourcesBuildPhase section */

/* Begin PBXVariantGroup section */
		E2CF06102B43F1C6007EB0B1 /* Main.storyboard */ = {
			isa = PBXVariantGroup;
			children = (
				E2CF06112B43F1C6007EB0B1 /* Base */,
			);
			name = Main.storyboard;
			sourceTree = "<group>";
		};
		E2CF06152B43F1C7007EB0B1 /* LaunchScreen.storyboard */ = {
			isa = PBXVariantGroup;
			children = (
				E2CF06162B43F1C7007EB0B1 /* Base */,
			);
			name = LaunchScreen.storyboard;
			sourceTree = "<group>";
		};
/* End PBXVariantGroup section */

/* Begin XCBuildConfiguration section */
		E2CF06192B43F1C7007EB0B1 /* Debug */ = {
			isa = XCBuildConfiguration;
			buildSettings = {
				ALWAYS_SEARCH_USER_PATHS = NO;
				CLANG_ANALYZER_NONNULL = YES;
				CLANG_ANALYZER_NUMBER_OBJECT_CONVERSION = YES_AGGRESSIVE;
				CLANG_CXX_LANGUAGE_STANDARD = "gnu++17";
				CLANG_ENABLE_MODULES = YES;
				CLANG_ENABLE_OBJC_ARC = YES;
				CLANG_ENABLE_OBJC_WEAK = YES;
				CLANG_WARN_BLOCK_CAPTURE_AUTORELEASING = YES;
				CLANG_WARN_BOOL_CONVERSION = YES;
				CLANG_WARN_COMMA = YES;
				CLANG_WARN_CONSTANT_CONVERSION = YES;
				CLANG_WARN_DEPRECATED_OBJC_IMPLEMENTATIONS = YES;
				CLANG_WARN_DIRECT_OBJC_ISA_USAGE = YES_ERROR;
				CLANG_WARN_DOCUMENTATION_COMMENTS = YES;
				CLANG_WARN_EMPTY_BODY = YES;
				CLANG_WARN_ENUM_CONVERSION = YES;
				CLANG_WARN_INFINITE_RECURSION = YES;
				CLANG_WARN_INT_CONVERSION = YES;
				CLANG_WARN_NON_LITERAL_NULL_CONVERSION = YES;
				CLANG_WARN_OBJC_IMPLICIT_RETAIN_SELF = YES;
				CLANG_WARN_OBJC_LITERAL_CONVERSION = YES;
				CLANG_WARN_OBJC_ROOT_CLASS = YES_ERROR;
				CLANG_WARN_QUOTED_INCLUDE_IN_FRAMEWORK_HEADER = YES;
				CLANG_WARN_RANGE_LOOP_ANALYSIS = YES;
				CLANG_WARN_STRICT_PROTOTYPES = YES;
				CLANG_WARN_SUSPICIOUS_MOVE = YES;
				CLANG_WARN_UNGUARDED_AVAILABILITY = YES_AGGRESSIVE;
				CLANG_WARN_UNREACHABLE_CODE = YES;
				CLANG_WARN__DUPLICATE_METHOD_MATCH = YES;
				COPY_PHASE_STRIP = NO;
				DEBUG_INFORMATION_FORMAT = dwarf;
				ENABLE_STRICT_OBJC_MSGSEND = YES;
				ENABLE_TESTABILITY = YES;
				GCC_C_LANGUAGE_STANDARD = gnu11;
				GCC_DYNAMIC_NO_PIC = NO;
				GCC_NO_COMMON_BLOCKS = YES;
				GCC_OPTIMIZATION_LEVEL = 0;
				GCC_PREPROCESSOR_DEFINITIONS = (
					"DEBUG=1",
					"$(inherited)",
				);
				GCC_WARN_64_TO_32_BIT_CONVERSION = YES;
				GCC_WARN_ABOUT_RETURN_TYPE = YES_ERROR;
				GCC_WARN_UNDECLARED_SELECTOR = YES;
				GCC_WARN_UNINITIALIZED_AUTOS = YES_AGGRESSIVE;
				GCC_WARN_UNUSED_FUNCTION = YES;
				GCC_WARN_UNUSED_VARIABLE = YES;
				IPHONEOS_DEPLOYMENT_TARGET = 15.5;
				MTL_ENABLE_DEBUG_INFO = INCLUDE_SOURCE;
				MTL_FAST_MATH = YES;
				ONLY_ACTIVE_ARCH = YES;
				SDKROOT = iphoneos;
				SWIFT_ACTIVE_COMPILATION_CONDITIONS = DEBUG;
				SWIFT_OPTIMIZATION_LEVEL = "-Onone";
			};
			name = Debug;
		};
		E2CF061A2B43F1C7007EB0B1 /* Release */ = {
			isa = XCBuildConfiguration;
			buildSettings = {
				ALWAYS_SEARCH_USER_PATHS = NO;
				CLANG_ANALYZER_NONNULL = YES;
				CLANG_ANALYZER_NUMBER_OBJECT_CONVERSION = YES_AGGRESSIVE;
				CLANG_CXX_LANGUAGE_STANDARD = "gnu++17";
				CLANG_ENABLE_MODULES = YES;
				CLANG_ENABLE_OBJC_ARC = YES;
				CLANG_ENABLE_OBJC_WEAK = YES;
				CLANG_WARN_BLOCK_CAPTURE_AUTORELEASING = YES;
				CLANG_WARN_BOOL_CONVERSION = YES;
				CLANG_WARN_COMMA = YES;
				CLANG_WARN_CONSTANT_CONVERSION = YES;
				CLANG_WARN_DEPRECATED_OBJC_IMPLEMENTATIONS = YES;
				CLANG_WARN_DIRECT_OBJC_ISA_USAGE = YES_ERROR;
				CLANG_WARN_DOCUMENTATION_COMMENTS = YES;
				CLANG_WARN_EMPTY_BODY = YES;
				CLANG_WARN_ENUM_CONVERSION = YES;
				CLANG_WARN_INFINITE_RECURSION = YES;
				CLANG_WARN_INT_CONVERSION = YES;
				CLANG_WARN_NON_LITERAL_NULL_CONVERSION = YES;
				CLANG_WARN_OBJC_IMPLICIT_RETAIN_SELF = YES;
				CLANG_WARN_OBJC_LITERAL_CONVERSION = YES;
				CLANG_WARN_OBJC_ROOT_CLASS = YES_ERROR;
				CLANG_WARN_QUOTED_INCLUDE_IN_FRAMEWORK_HEADER = YES;
				CLANG_WARN_RANGE_LOOP_ANALYSIS = YES;
				CLANG_WARN_STRICT_PROTOTYPES = YES;
				CLANG_WARN_SUSPICIOUS_MOVE = YES;
				CLANG_WARN_UNGUARDED_AVAILABILITY = YES_AGGRESSIVE;
				CLANG_WARN_UNREACHABLE_CODE = YES;
				CLANG_WARN__DUPLICATE_METHOD_MATCH = YES;
				COPY_PHASE_STRIP = NO;
				DEBUG_INFORMATION_FORMAT = "dwarf-with-dsym";
				ENABLE_NS_ASSERTIONS = NO;
				ENABLE_STRICT_OBJC_MSGSEND = YES;
				GCC_C_LANGUAGE_STANDARD = gnu11;
				GCC_NO_COMMON_BLOCKS = YES;
				GCC_WARN_64_TO_32_BIT_CONVERSION = YES;
				GCC_WARN_ABOUT_RETURN_TYPE = YES_ERROR;
				GCC_WARN_UNDECLARED_SELECTOR = YES;
				GCC_WARN_UNINITIALIZED_AUTOS = YES_AGGRESSIVE;
				GCC_WARN_UNUSED_FUNCTION = YES;
				GCC_WARN_UNUSED_VARIABLE = YES;
				IPHONEOS_DEPLOYMENT_TARGET = 15.5;
				MTL_ENABLE_DEBUG_INFO = NO;
				MTL_FAST_MATH = YES;
				SDKROOT = iphoneos;
				SWIFT_COMPILATION_MODE = wholemodule;
				SWIFT_OPTIMIZATION_LEVEL = "-O";
				VALIDATE_PRODUCT = YES;
			};
			name = Release;
		};
		E2CF061C2B43F1C7007EB0B1 /* Debug */ = {
			isa = XCBuildConfiguration;
			buildSettings = {
				ASSETCATALOG_COMPILER_APPICON_NAME = AppIcon;
				ASSETCATALOG_COMPILER_GLOBAL_ACCENT_COLOR_NAME = AccentColor;
				CODE_SIGN_STYLE = Automatic;
				CURRENT_PROJECT_VERSION = 1;
				GENERATE_INFOPLIST_FILE = YES;
				INFOPLIST_FILE = SQliteDemoFrist/Info.plist;
				INFOPLIST_KEY_UIApplicationSupportsIndirectInputEvents = YES;
				INFOPLIST_KEY_UILaunchStoryboardName = LaunchScreen;
				INFOPLIST_KEY_UIMainStoryboardFile = Main;
				INFOPLIST_KEY_UISupportedInterfaceOrientations_iPad = "UIInterfaceOrientationPortrait UIInterfaceOrientationPortraitUpsideDown UIInterfaceOrientationLandscapeLeft UIInterfaceOrientationLandscapeRight";
				INFOPLIST_KEY_UISupportedInterfaceOrientations_iPhone = "UIInterfaceOrientationPortrait UIInterfaceOrientationLandscapeLeft UIInterfaceOrientationLandscapeRight";
				LD_RUNPATH_SEARCH_PATHS = (
					"$(inherited)",
					"@executable_path/Frameworks",
				);
				MARKETING_VERSION = 1.0;
				PRODUCT_BUNDLE_IDENTIFIER = in.bitcode.SQliteDemoFrist;
				PRODUCT_NAME = "$(TARGET_NAME)";
				SWIFT_EMIT_LOC_STRINGS = YES;
				SWIFT_VERSION = 5.0;
				TARGETED_DEVICE_FAMILY = "1,2";
			};
			name = Debug;
		};
		E2CF061D2B43F1C7007EB0B1 /* Release */ = {
			isa = XCBuildConfiguration;
			buildSettings = {
				ASSETCATALOG_COMPILER_APPICON_NAME = AppIcon;
				ASSETCATALOG_COMPILER_GLOBAL_ACCENT_COLOR_NAME = AccentColor;
				CODE_SIGN_STYLE = Automatic;
				CURRENT_PROJECT_VERSION = 1;
				GENERATE_INFOPLIST_FILE = YES;
				INFOPLIST_FILE = SQliteDemoFrist/Info.plist;
				INFOPLIST_KEY_UIApplicationSupportsIndirectInputEvents = YES;
				INFOPLIST_KEY_UILaunchStoryboardName = LaunchScreen;
				INFOPLIST_KEY_UIMainStoryboardFile = Main;
				INFOPLIST_KEY_UISupportedInterfaceOrientations_iPad = "UIInterfaceOrientationPortrait UIInterfaceOrientationPortraitUpsideDown UIInterfaceOrientationLandscapeLeft UIInterfaceOrientationLandscapeRight";
				INFOPLIST_KEY_UISupportedInterfaceOrientations_iPhone = "UIInterfaceOrientationPortrait UIInterfaceOrientationLandscapeLeft UIInterfaceOrientationLandscapeRight";
				LD_RUNPATH_SEARCH_PATHS = (
					"$(inherited)",
					"@executable_path/Frameworks",
				);
				MARKETING_VERSION = 1.0;
				PRODUCT_BUNDLE_IDENTIFIER = in.bitcode.SQliteDemoFrist;
				PRODUCT_NAME = "$(TARGET_NAME)";
				SWIFT_EMIT_LOC_STRINGS = YES;
				SWIFT_VERSION = 5.0;
				TARGETED_DEVICE_FAMILY = "1,2";
			};
			name = Release;
		};
/* End XCBuildConfiguration section */

/* Begin XCConfigurationList section */
		E2CF06022B43F1C5007EB0B1 /* Build configuration list for PBXProject "SQliteDemoFrist" */ = {
			isa = XCConfigurationList;
			buildConfigurations = (
				E2CF06192B43F1C7007EB0B1 /* Debug */,
				E2CF061A2B43F1C7007EB0B1 /* Release */,
			);
			defaultConfigurationIsVisible = 0;
			defaultConfigurationName = Release;
		};
		E2CF061B2B43F1C7007EB0B1 /* Build configuration list for PBXNativeTarget "SQliteDemoFrist" */ = {
			isa = XCConfigurationList;
			buildConfigurations = (
				E2CF061C2B43F1C7007EB0B1 /* Debug */,
				E2CF061D2B43F1C7007EB0B1 /* Release */,
			);
			defaultConfigurationIsVisible = 0;
			defaultConfigurationName = Release;
		};
/* End XCConfigurationList section */
	};
	rootObject = E2CF05FF2B43F1C5007EB0B1 /* Project object */;
}
